
Microsoft Visual Studio Solution File, Format Version 12.00
# Visual Studio Version 16
VisualStudioVersion = 16.0.31829.152
MinimumVisualStudioVersion = 10.0.40219.1
Project("{FAE04EC0-301F-11D3-BF4B-00C04F79EFBC}") = "Identity.IdentityServer", "Identity.IdentityServer\Identity.IdentityServer.csproj", "{A0379DA4-B71D-477F-AC37-EB9D265D5C42}"
EndProject
Global
	GlobalSection(SolutionConfigurationPlatforms) = preSolution
		Debug|Any CPU = Debug|Any CPU
		Release|Any CPU = Release|Any CPU
	EndGlobalSection
	GlobalSection(ProjectConfigurationPlatforms) = postSolution
		{A0379DA4-B71D-477F-AC37-EB9D265D5C42}.Debug|Any CPU.ActiveCfg = Debug|Any CPU
		{A0379DA4-B71D-477F-AC37-EB9D265D5C42}.Debug|Any CPU.Build.0 = Debug|Any CPU
		{A0379DA4-B71D-477F-AC37-EB9D265D5C42}.Release|Any CPU.ActiveCfg = Release|Any CPU
		{A0379DA4-B71D-477F-AC37-EB9D265D5C42}.Release|Any CPU.Build.0 = Release|Any CPU
	EndGlobalSection
	GlobalSection(SolutionProperties) = preSolution
		HideSolutionNode = FALSE
	EndGlobalSection
	GlobalSection(ExtensibilityGlobals) = postSolution
		SolutionGuid = {B53C2E59-D69E-4061-AC30-5216B7964D71}
	EndGlobalSection
EndGlobal
